// !$*UTF8*$!
{
	archiveVersion = 1;
	classes = {
	};
	objectVersion = 50;
	objects = {

/* Begin PBXBuildFile section */
		7BBAB1FD22E3A2F800B2941A /* VooodooInput.hpp in Headers */ = {isa = PBXBuildFile; fileRef = 7BBAB1FC22E3A2F800B2941A /* VooodooInput.hpp */; };
		7BBAB1FF22E3A2F800B2941A /* VooodooInput.cpp in Sources */ = {isa = PBXBuildFile; fileRef = 7BBAB1FE22E3A2F800B2941A /* VooodooInput.cpp */; };
		7BBAB21622E3AD0E00B2941A /* VoodooI2CNativeEngine.hpp in Headers */ = {isa = PBXBuildFile; fileRef = 7BBAB21022E3AD0D00B2941A /* VoodooI2CNativeEngine.hpp */; };
		7BBAB21722E3AD0E00B2941A /* VoodooSimulatorDevice.hpp in Headers */ = {isa = PBXBuildFile; fileRef = 7BBAB21122E3AD0D00B2941A /* VoodooSimulatorDevice.hpp */; };
		7BBAB21822E3AD0E00B2941A /* VoodooSimulatorDevice.cpp in Sources */ = {isa = PBXBuildFile; fileRef = 7BBAB21222E3AD0D00B2941A /* VoodooSimulatorDevice.cpp */; };
		7BBAB21922E3AD0E00B2941A /* VoodooActuatorDevice.cpp in Sources */ = {isa = PBXBuildFile; fileRef = 7BBAB21322E3AD0D00B2941A /* VoodooActuatorDevice.cpp */; };
		7BBAB21A22E3AD0E00B2941A /* VoodooI2CNativeEngine.cpp in Sources */ = {isa = PBXBuildFile; fileRef = 7BBAB21422E3AD0D00B2941A /* VoodooI2CNativeEngine.cpp */; };
		7BBAB21B22E3AD0E00B2941A /* VoodooActuatorDevice.hpp in Headers */ = {isa = PBXBuildFile; fileRef = 7BBAB21522E3AD0E00B2941A /* VoodooActuatorDevice.hpp */; };
/* End PBXBuildFile section */

/* Begin PBXFileReference section */
		7BBAB1F922E3A2F800B2941A /* VooodooInput.kext */ = {isa = PBXFileReference; explicitFileType = wrapper.cfbundle; includeInIndex = 0; path = VooodooInput.kext; sourceTree = BUILT_PRODUCTS_DIR; };
		7BBAB1FC22E3A2F800B2941A /* VooodooInput.hpp */ = {isa = PBXFileReference; lastKnownFileType = sourcecode.cpp.h; path = VooodooInput.hpp; sourceTree = "<group>"; };
		7BBAB1FE22E3A2F800B2941A /* VooodooInput.cpp */ = {isa = PBXFileReference; lastKnownFileType = sourcecode.cpp.cpp; path = VooodooInput.cpp; sourceTree = "<group>"; };
		7BBAB20022E3A2F800B2941A /* Info.plist */ = {isa = PBXFileReference; lastKnownFileType = text.plist.xml; path = Info.plist; sourceTree = "<group>"; };
		7BBAB21022E3AD0D00B2941A /* VoodooI2CNativeEngine.hpp */ = {isa = PBXFileReference; fileEncoding = 4; lastKnownFileType = sourcecode.cpp.h; path = VoodooI2CNativeEngine.hpp; sourceTree = "<group>"; };
		7BBAB21122E3AD0D00B2941A /* VoodooSimulatorDevice.hpp */ = {isa = PBXFileReference; fileEncoding = 4; lastKnownFileType = sourcecode.cpp.h; path = VoodooSimulatorDevice.hpp; sourceTree = "<group>"; };
		7BBAB21222E3AD0D00B2941A /* VoodooSimulatorDevice.cpp */ = {isa = PBXFileReference; fileEncoding = 4; lastKnownFileType = sourcecode.cpp.cpp; path = VoodooSimulatorDevice.cpp; sourceTree = "<group>"; };
		7BBAB21322E3AD0D00B2941A /* VoodooActuatorDevice.cpp */ = {isa = PBXFileReference; fileEncoding = 4; lastKnownFileType = sourcecode.cpp.cpp; path = VoodooActuatorDevice.cpp; sourceTree = "<group>"; };
		7BBAB21422E3AD0D00B2941A /* VoodooI2CNativeEngine.cpp */ = {isa = PBXFileReference; fileEncoding = 4; lastKnownFileType = sourcecode.cpp.cpp; path = VoodooI2CNativeEngine.cpp; sourceTree = "<group>"; };
		7BBAB21522E3AD0E00B2941A /* VoodooActuatorDevice.hpp */ = {isa = PBXFileReference; fileEncoding = 4; lastKnownFileType = sourcecode.cpp.h; path = VoodooActuatorDevice.hpp; sourceTree = "<group>"; };
/* End PBXFileReference section */

/* Begin PBXFrameworksBuildPhase section */
		7BBAB1F622E3A2F800B2941A /* Frameworks */ = {
			isa = PBXFrameworksBuildPhase;
			buildActionMask = 2147483647;
			files = (
			);
			runOnlyForDeploymentPostprocessing = 0;
		};
/* End PBXFrameworksBuildPhase section */

/* Begin PBXGroup section */
		7BBAB1EF22E3A2F800B2941A = {
			isa = PBXGroup;
			children = (
				7BBAB1FB22E3A2F800B2941A /* VooodooInput */,
				7BBAB1FA22E3A2F800B2941A /* Products */,
			);
			sourceTree = "<group>";
		};
		7BBAB1FA22E3A2F800B2941A /* Products */ = {
			isa = PBXGroup;
			children = (
				7BBAB1F922E3A2F800B2941A /* VooodooInput.kext */,
			);
			name = Products;
			sourceTree = "<group>";
		};
		7BBAB1FB22E3A2F800B2941A /* VooodooInput */ = {
			isa = PBXGroup;
			children = (
				7BBAB20F22E3AC7E00B2941A /* Native Simulator */,
				7BBAB1FC22E3A2F800B2941A /* VooodooInput.hpp */,
				7BBAB1FE22E3A2F800B2941A /* VooodooInput.cpp */,
				7BBAB20022E3A2F800B2941A /* Info.plist */,
			);
			path = VooodooInput;
			sourceTree = "<group>";
		};
		7BBAB20F22E3AC7E00B2941A /* Native Simulator */ = {
			isa = PBXGroup;
			children = (
				7BBAB21322E3AD0D00B2941A /* VoodooActuatorDevice.cpp */,
				7BBAB21522E3AD0E00B2941A /* VoodooActuatorDevice.hpp */,
				7BBAB21222E3AD0D00B2941A /* VoodooSimulatorDevice.cpp */,
				7BBAB21122E3AD0D00B2941A /* VoodooSimulatorDevice.hpp */,
				7BBAB21422E3AD0D00B2941A /* VoodooI2CNativeEngine.cpp */,
				7BBAB21022E3AD0D00B2941A /* VoodooI2CNativeEngine.hpp */,
			);
			path = "Native Simulator";
			sourceTree = "<group>";
		};
/* End PBXGroup section */

/* Begin PBXHeadersBuildPhase section */
		7BBAB1F422E3A2F800B2941A /* Headers */ = {
			isa = PBXHeadersBuildPhase;
			buildActionMask = 2147483647;
			files = (
				7BBAB21722E3AD0E00B2941A /* VoodooSimulatorDevice.hpp in Headers */,
				7BBAB21622E3AD0E00B2941A /* VoodooI2CNativeEngine.hpp in Headers */,
				7BBAB21B22E3AD0E00B2941A /* VoodooActuatorDevice.hpp in Headers */,
				7BBAB1FD22E3A2F800B2941A /* VooodooInput.hpp in Headers */,
			);
			runOnlyForDeploymentPostprocessing = 0;
		};
/* End PBXHeadersBuildPhase section */

/* Begin PBXNativeTarget section */
		7BBAB1F822E3A2F800B2941A /* VooodooInput */ = {
			isa = PBXNativeTarget;
			buildConfigurationList = 7BBAB20322E3A2F800B2941A /* Build configuration list for PBXNativeTarget "VooodooInput" */;
			buildPhases = (
				7BBAB1F422E3A2F800B2941A /* Headers */,
				7BBAB1F522E3A2F800B2941A /* Sources */,
				7BBAB1F622E3A2F800B2941A /* Frameworks */,
				7BBAB1F722E3A2F800B2941A /* Resources */,
			);
			buildRules = (
			);
			dependencies = (
			);
			name = VooodooInput;
			productName = VooodooInput;
			productReference = 7BBAB1F922E3A2F800B2941A /* VooodooInput.kext */;
			productType = "com.apple.product-type.kernel-extension";
		};
/* End PBXNativeTarget section */

/* Begin PBXProject section */
		7BBAB1F022E3A2F800B2941A /* Project object */ = {
			isa = PBXProject;
			attributes = {
				LastUpgradeCheck = 1020;
				ORGANIZATIONNAME = "Kishor Prins";
				TargetAttributes = {
					7BBAB1F822E3A2F800B2941A = {
						CreatedOnToolsVersion = 10.2.1;
					};
				};
			};
			buildConfigurationList = 7BBAB1F322E3A2F800B2941A /* Build configuration list for PBXProject "VooodooInput" */;
			compatibilityVersion = "Xcode 9.3";
			developmentRegion = en;
			hasScannedForEncodings = 0;
			knownRegions = (
				en,
			);
			mainGroup = 7BBAB1EF22E3A2F800B2941A;
			productRefGroup = 7BBAB1FA22E3A2F800B2941A /* Products */;
			projectDirPath = "";
			projectRoot = "";
			targets = (
				7BBAB1F822E3A2F800B2941A /* VooodooInput */,
			);
		};
/* End PBXProject section */

/* Begin PBXResourcesBuildPhase section */
		7BBAB1F722E3A2F800B2941A /* Resources */ = {
			isa = PBXResourcesBuildPhase;
			buildActionMask = 2147483647;
			files = (
			);
			runOnlyForDeploymentPostprocessing = 0;
		};
/* End PBXResourcesBuildPhase section */

/* Begin PBXSourcesBuildPhase section */
		7BBAB1F522E3A2F800B2941A /* Sources */ = {
			isa = PBXSourcesBuildPhase;
			buildActionMask = 2147483647;
			files = (
				7BBAB1FF22E3A2F800B2941A /* VooodooInput.cpp in Sources */,
				7BBAB21922E3AD0E00B2941A /* VoodooActuatorDevice.cpp in Sources */,
				7BBAB21822E3AD0E00B2941A /* VoodooSimulatorDevice.cpp in Sources */,
				7BBAB21A22E3AD0E00B2941A /* VoodooI2CNativeEngine.cpp in Sources */,
			);
			runOnlyForDeploymentPostprocessing = 0;
		};
/* End PBXSourcesBuildPhase section */

/* Begin XCBuildConfiguration section */
		7BBAB20122E3A2F800B2941A /* Debug */ = {
			isa = XCBuildConfiguration;
			buildSettings = {
				ALWAYS_SEARCH_USER_PATHS = NO;
				CLANG_ANALYZER_NONNULL = YES;
				CLANG_ANALYZER_NUMBER_OBJECT_CONVERSION = YES_AGGRESSIVE;
				CLANG_CXX_LANGUAGE_STANDARD = "gnu++14";
				CLANG_CXX_LIBRARY = "libc++";
				CLANG_ENABLE_MODULES = YES;
				CLANG_ENABLE_OBJC_ARC = YES;
				CLANG_ENABLE_OBJC_WEAK = YES;
				CLANG_WARN_BLOCK_CAPTURE_AUTORELEASING = YES;
				CLANG_WARN_BOOL_CONVERSION = YES;
				CLANG_WARN_COMMA = YES;
				CLANG_WARN_CONSTANT_CONVERSION = YES;
				CLANG_WARN_DEPRECATED_OBJC_IMPLEMENTATIONS = YES;
				CLANG_WARN_DIRECT_OBJC_ISA_USAGE = YES_ERROR;
				CLANG_WARN_DOCUMENTATION_COMMENTS = YES;
				CLANG_WARN_EMPTY_BODY = YES;
				CLANG_WARN_ENUM_CONVERSION = YES;
				CLANG_WARN_INFINITE_RECURSION = YES;
				CLANG_WARN_INT_CONVERSION = YES;
				CLANG_WARN_NON_LITERAL_NULL_CONVERSION = YES;
				CLANG_WARN_OBJC_IMPLICIT_RETAIN_SELF = YES;
				CLANG_WARN_OBJC_LITERAL_CONVERSION = YES;
				CLANG_WARN_OBJC_ROOT_CLASS = YES_ERROR;
				CLANG_WARN_RANGE_LOOP_ANALYSIS = YES;
				CLANG_WARN_STRICT_PROTOTYPES = YES;
				CLANG_WARN_SUSPICIOUS_MOVE = YES;
				CLANG_WARN_UNGUARDED_AVAILABILITY = YES_AGGRESSIVE;
				CLANG_WARN_UNREACHABLE_CODE = YES;
				CLANG_WARN__DUPLICATE_METHOD_MATCH = YES;
				CODE_SIGN_IDENTITY = "-";
				COPY_PHASE_STRIP = NO;
				DEBUG_INFORMATION_FORMAT = dwarf;
				ENABLE_STRICT_OBJC_MSGSEND = YES;
				ENABLE_TESTABILITY = YES;
				GCC_C_LANGUAGE_STANDARD = gnu11;
				GCC_DYNAMIC_NO_PIC = NO;
				GCC_NO_COMMON_BLOCKS = YES;
				GCC_OPTIMIZATION_LEVEL = 0;
				GCC_PREPROCESSOR_DEFINITIONS = (
					"DEBUG=1",
					"$(inherited)",
				);
				GCC_WARN_64_TO_32_BIT_CONVERSION = YES;
				GCC_WARN_ABOUT_RETURN_TYPE = YES_ERROR;
				GCC_WARN_UNDECLARED_SELECTOR = YES;
				GCC_WARN_UNINITIALIZED_AUTOS = YES_AGGRESSIVE;
				GCC_WARN_UNUSED_FUNCTION = YES;
				GCC_WARN_UNUSED_VARIABLE = YES;
				MACOSX_DEPLOYMENT_TARGET = 10.14;
				MTL_ENABLE_DEBUG_INFO = INCLUDE_SOURCE;
				MTL_FAST_MATH = YES;
				ONLY_ACTIVE_ARCH = YES;
				SDKROOT = macosx;
			};
			name = Debug;
		};
		7BBAB20222E3A2F800B2941A /* Release */ = {
			isa = XCBuildConfiguration;
			buildSettings = {
				ALWAYS_SEARCH_USER_PATHS = NO;
				CLANG_ANALYZER_NONNULL = YES;
				CLANG_ANALYZER_NUMBER_OBJECT_CONVERSION = YES_AGGRESSIVE;
				CLANG_CXX_LANGUAGE_STANDARD = "gnu++14";
				CLANG_CXX_LIBRARY = "libc++";
				CLANG_ENABLE_MODULES = YES;
				CLANG_ENABLE_OBJC_ARC = YES;
				CLANG_ENABLE_OBJC_WEAK = YES;
				CLANG_WARN_BLOCK_CAPTURE_AUTORELEASING = YES;
				CLANG_WARN_BOOL_CONVERSION = YES;
				CLANG_WARN_COMMA = YES;
				CLANG_WARN_CONSTANT_CONVERSION = YES;
				CLANG_WARN_DEPRECATED_OBJC_IMPLEMENTATIONS = YES;
				CLANG_WARN_DIRECT_OBJC_ISA_USAGE = YES_ERROR;
				CLANG_WARN_DOCUMENTATION_COMMENTS = YES;
				CLANG_WARN_EMPTY_BODY = YES;
				CLANG_WARN_ENUM_CONVERSION = YES;
				CLANG_WARN_INFINITE_RECURSION = YES;
				CLANG_WARN_INT_CONVERSION = YES;
				CLANG_WARN_NON_LITERAL_NULL_CONVERSION = YES;
				CLANG_WARN_OBJC_IMPLICIT_RETAIN_SELF = YES;
				CLANG_WARN_OBJC_LITERAL_CONVERSION = YES;
				CLANG_WARN_OBJC_ROOT_CLASS = YES_ERROR;
				CLANG_WARN_RANGE_LOOP_ANALYSIS = YES;
				CLANG_WARN_STRICT_PROTOTYPES = YES;
				CLANG_WARN_SUSPICIOUS_MOVE = YES;
				CLANG_WARN_UNGUARDED_AVAILABILITY = YES_AGGRESSIVE;
				CLANG_WARN_UNREACHABLE_CODE = YES;
				CLANG_WARN__DUPLICATE_METHOD_MATCH = YES;
				CODE_SIGN_IDENTITY = "-";
				COPY_PHASE_STRIP = NO;
				DEBUG_INFORMATION_FORMAT = "dwarf-with-dsym";
				ENABLE_NS_ASSERTIONS = NO;
				ENABLE_STRICT_OBJC_MSGSEND = YES;
				GCC_C_LANGUAGE_STANDARD = gnu11;
				GCC_NO_COMMON_BLOCKS = YES;
				GCC_WARN_64_TO_32_BIT_CONVERSION = YES;
				GCC_WARN_ABOUT_RETURN_TYPE = YES_ERROR;
				GCC_WARN_UNDECLARED_SELECTOR = YES;
				GCC_WARN_UNINITIALIZED_AUTOS = YES_AGGRESSIVE;
				GCC_WARN_UNUSED_FUNCTION = YES;
				GCC_WARN_UNUSED_VARIABLE = YES;
				MACOSX_DEPLOYMENT_TARGET = 10.14;
				MTL_ENABLE_DEBUG_INFO = NO;
				MTL_FAST_MATH = YES;
				SDKROOT = macosx;
			};
			name = Release;
		};
		7BBAB20422E3A2F800B2941A /* Debug */ = {
			isa = XCBuildConfiguration;
			buildSettings = {
				CODE_SIGN_STYLE = Automatic;
				COMBINE_HIDPI_IMAGES = YES;
				CURRENT_PROJECT_VERSION = 1.0.0d1;
				INFOPLIST_FILE = VooodooInput/Info.plist;
				MODULE_NAME = me.kishorprins.VooodooInput;
				MODULE_VERSION = 1.0.0d1;
				PRODUCT_BUNDLE_IDENTIFIER = me.kishorprins.VooodooInput;
				PRODUCT_NAME = "$(TARGET_NAME)";
				WRAPPER_EXTENSION = kext;
			};
			name = Debug;
		};
		7BBAB20522E3A2F800B2941A /* Release */ = {
			isa = XCBuildConfiguration;
			buildSettings = {
				CODE_SIGN_STYLE = Automatic;
				COMBINE_HIDPI_IMAGES = YES;
				CURRENT_PROJECT_VERSION = 1.0.0d1;
				INFOPLIST_FILE = VooodooInput/Info.plist;
				MODULE_NAME = me.kishorprins.VooodooInput;
				MODULE_VERSION = 1.0.0d1;
				PRODUCT_BUNDLE_IDENTIFIER = me.kishorprins.VooodooInput;
				PRODUCT_NAME = "$(TARGET_NAME)";
				WRAPPER_EXTENSION = kext;
			};
			name = Release;
		};
/* End XCBuildConfiguration section */

/* Begin XCConfigurationList section */
		7BBAB1F322E3A2F800B2941A /* Build configuration list for PBXProject "VooodooInput" */ = {
			isa = XCConfigurationList;
			buildConfigurations = (
				7BBAB20122E3A2F800B2941A /* Debug */,
				7BBAB20222E3A2F800B2941A /* Release */,
			);
			defaultConfigurationIsVisible = 0;
			defaultConfigurationName = Release;
		};
		7BBAB20322E3A2F800B2941A /* Build configuration list for PBXNativeTarget "VooodooInput" */ = {
			isa = XCConfigurationList;
			buildConfigurations = (
				7BBAB20422E3A2F800B2941A /* Debug */,
				7BBAB20522E3A2F800B2941A /* Release */,
			);
			defaultConfigurationIsVisible = 0;
			defaultConfigurationName = Release;
		};
/* End XCConfigurationList section */
	};
	rootObject = 7BBAB1F022E3A2F800B2941A /* Project object */;
}
